# This file is autogenerated, do not edit; changes may be undone by the next 'dep ensure'.


[[projects]]
  branch = "master"
  name = "github.com/gobwas/httphead"
  packages = ["."]
  revision = "d8ef83dd38eff6fae44a0397340fd8a42ffd6664"

[[projects]]
  branch = "master"
  name = "github.com/gobwas/pool"
  packages = [".","pbufio","pbytes"]
  revision = "32dbaa12caca20fad12253c30591227e04f62cdd"

[[projects]]
  branch = "master"
  name = "github.com/gobwas/ws"
  packages = [".","wsutil"]
  revision = "68d2472c0bfbbd6f11ba77bf2c122fbf035c246b"

[[projects]]
  branch = "master"
  name = "golang.org/x/sys"
  packages = ["unix"]
  revision = "314a259e304ff91bd6985da2a7149bbf91237993"

[solve-meta]
  analyzer-name = "dep"
  analyzer-version = 1
  inputs-digest = "98b6bff6146e9cf05be6cc20eb113d76f4d0117d9c41c85b30e21baf979f93ed"
  solver-name = "gps-cdcl"
  solver-version = 1
