# This file is autogenerated, do not edit; changes may be undone by the next 'dep ensure'.


[[projects]]
  branch = "master"
  name = "github.com/gobwas/httphead"
  packages = ["."]
  revision = "d8ef83dd38eff6fae44a0397340fd8a42ffd6664"

[[projects]]
  branch = "master"
  name = "github.com/gobwas/pool"
  packages = [".","pbufio","pbytes"]
  revision = "32dbaa12caca20fad12253c30591227e04f62cdd"

[[projects]]
  branch = "master"
  name = "github.com/gobwas/ws"
  packages = [".","wsutil"]
  revision = "68d2472c0bfbbd6f11ba77bf2c122fbf035c246b"

[[projects]]
  name = "github.com/gorilla/context"
  packages = ["."]
  revision = "1ea25387ff6f684839d82767c1733ff4d4d15d0a"
  version = "v1.1"

[[projects]]
  name = "github.com/gorilla/mux"
  packages = ["."]
  revision = "24fca303ac6da784b9e8269f724ddeb0b2eea5e7"
  version = "v1.5.0"

[[projects]]
  branch = "master"
  name = "golang.org/x/sys"
  packages = ["unix"]
  revision = "314a259e304ff91bd6985da2a7149bbf91237993"

[solve-meta]
  analyzer-name = "dep"
  analyzer-version = 1
  inputs-digest = "6d35c2a881cebdd2e85101defcbc64cf81b8d8d65de1a4a6c5f8de24890c22b6"
  solver-name = "gps-cdcl"
  solver-version = 1
